
Microsoft Visual Studio Solution File, Format Version 12.00
# Visual Studio Version 17
VisualStudioVersion = 17.7.34024.191
MinimumVisualStudioVersion = 10.0.40219.1
Project("{FAE04EC0-301F-11D3-BF4B-00C04F79EFBC}") = "baiNgay3", "baiNgay3\baiNgay3.csproj", "{42B09C2F-88C1-4AAD-90AA-7880D00DA0EE}"
EndProject
Global
	GlobalSection(SolutionConfigurationPlatforms) = preSolution
		Debug|Any CPU = Debug|Any CPU
		Release|Any CPU = Release|Any CPU
	EndGlobalSection
	GlobalSection(ProjectConfigurationPlatforms) = postSolution
		{42B09C2F-88C1-4AAD-90AA-7880D00DA0EE}.Debug|Any CPU.ActiveCfg = Debug|Any CPU
		{42B09C2F-88C1-4AAD-90AA-7880D00DA0EE}.Debug|Any CPU.Build.0 = Debug|Any CPU
		{42B09C2F-88C1-4AAD-90AA-7880D00DA0EE}.Release|Any CPU.ActiveCfg = Release|Any CPU
		{42B09C2F-88C1-4AAD-90AA-7880D00DA0EE}.Release|Any CPU.Build.0 = Release|Any CPU
	EndGlobalSection
	GlobalSection(SolutionProperties) = preSolution
		HideSolutionNode = FALSE
	EndGlobalSection
	GlobalSection(ExtensibilityGlobals) = postSolution
		SolutionGuid = {E00D8204-32C2-4130-8F74-FC86A6F66370}
	EndGlobalSection
EndGlobal
